
Microsoft Visual Studio Solution File, Format Version 12.00
# Visual Studio Version 17
VisualStudioVersion = 17.1.32319.34
MinimumVisualStudioVersion = 10.0.40219.1
Project("{FAE04EC0-301F-11D3-BF4B-00C04F79EFBC}") = "Prakt1", "Prakt1\Prakt1.csproj", "{401E6D30-7CA2-47FA-A681-80C1C23E29AB}"
EndProject
Global
	GlobalSection(SolutionConfigurationPlatforms) = preSolution
		Debug|Any CPU = Debug|Any CPU
		Release|Any CPU = Release|Any CPU
	EndGlobalSection
	GlobalSection(ProjectConfigurationPlatforms) = postSolution
		{401E6D30-7CA2-47FA-A681-80C1C23E29AB}.Debug|Any CPU.ActiveCfg = Debug|Any CPU
		{401E6D30-7CA2-47FA-A681-80C1C23E29AB}.Debug|Any CPU.Build.0 = Debug|Any CPU
		{401E6D30-7CA2-47FA-A681-80C1C23E29AB}.Release|Any CPU.ActiveCfg = Release|Any CPU
		{401E6D30-7CA2-47FA-A681-80C1C23E29AB}.Release|Any CPU.Build.0 = Release|Any CPU
	EndGlobalSection
	GlobalSection(SolutionProperties) = preSolution
		HideSolutionNode = FALSE
	EndGlobalSection
	GlobalSection(ExtensibilityGlobals) = postSolution
		SolutionGuid = {1E1A59C4-1CB9-458F-BA71-9DE6786DCC14}
	EndGlobalSection
EndGlobal
